{
  "lockfileVersion": 1,
  "configVersion": 1,
  "workspaces": {
    "": {
      "name": "interbox-workspace",
      "dependencies": {
        "@health-samurai/interbox": "^1.12.1",
      },
      "devDependencies": {
        "@types/bun": "^1.3.14",
        "typescript": "^5.9.3",
      },
    },
  },
  "packages": {
    "@atomic-ehr/hl7v2": ["@atomic-ehr/hl7v2@0.0.1", "", { "peerDependencies": { "typescript": "^5" } }, "sha512-qUOYUX6lI9cdb98ThXBcCWqruFVFzG8H6NnOTlS2Rgg7kSenjxwpDEBh8pjvmhaiWAfUqY/B7W0+agmxIoJRWg=="],

    "@health-samurai/interbox": ["@health-samurai/interbox@1.21.0", "", { "dependencies": { "@atomic-ehr/hl7v2": "^0.0.1", "@xmldom/xmldom": "^0.9.6" }, "peerDependencies": { "typescript": "^5" }, "bin": { "interbox": "dist/cli.js" } }, "sha512-NrCf2rSCMUlPZxgxLaG9K1LOXJKKkY1FbPRhui1kIeJEpWmuXICwmIdWjpJxJt8v0XraF6ayOB1Zlci7JZAYSA=="],

    "@types/bun": ["@types/bun@1.4.2", "", { "dependencies": { "bun-types": "1.4.2" } }, "sha512-GimotNn7+ZV0uVArItBbriZsR1oNf0+WTzPkdcFrzShI7k2norL0uzEaJT8T33dWr7O/c9ZDuAFQrctKCi72oQ=="],

    "@types/node": ["@types/node@26.5.1", "", { "dependencies": { "undici-types": "~8.9.0" } }, "sha512-CzNm2FezW4VR/LjG6yUdiEgLE/rAQ9Slj5gCu/C2VrdcW7I0ahNZ8DRbHT7zOZ6r3ONgd/bsQIeSaoDGrd1C6g=="],

    "@xmldom/xmldom": ["@xmldom/xmldom@0.9.12", "", {}, "sha512-5AXjrcMClTryPe9LgZrygpB1lj7s0S9E0+W+AHaVKAVyHanafK86iPSvG5xHVSp/jC+VH1UXu0TAEmY279xH7A=="],

    "bun-types": ["bun-types@1.4.2", "", { "dependencies": { "@types/node": "*" } }, "sha512-bxV1FgK7yBIzjRe5zBozIM4Bem11ZJcCXSrjWRG3YWLt8yFDePu4cLjpebO8OvPeIE9trbyPF4fuj3Cia4Fj3w=="],

    "typescript": ["typescript@5.9.3", "", { "bin": { "tsc": "bin/tsc", "tsserver": "bin/tsserver" } }, "sha512-jl1vZzPDinLr9eUt3J/t7V6FgNEw9QjvBPdysz9KfQDD41fQrC2Y4vKQdiaUpFT4bXlb1RHhLpp8wtm6M5TgSw=="],

    "undici-types": ["undici-types@8.9.0", "", {}, "sha512-KTDyRTYX8sWmKXAikPHHSyc63CRPETMctyjKFupcC6OBLXT3xsN0e9aF7m+mIXutFWpUXuedtowG7iLOzp0kQg=="],
  }
}
